// !$*UTF8*$!
{
	archiveVersion = 1;
	classes = {
	};
	objectVersion = 52;
	objects = {

/* Begin PBXBuildFile section */
		712D67BC251D97F9000DC884 /* Kingfisher.framework in Frameworks */ = {isa = PBXBuildFile; fileRef = 712D67B7251D97F8000DC884 /* Kingfisher.framework */; };
		712D67BE251D97F9000DC884 /* RxSwift.framework in Frameworks */ = {isa = PBXBuildFile; fileRef = 712D67B8251D97F9000DC884 /* RxSwift.framework */; };
		712D67C0251D97F9000DC884 /* Alamofire.framework in Frameworks */ = {isa = PBXBuildFile; fileRef = 712D67B9251D97F9000DC884 /* Alamofire.framework */; };
		712D67C2251D97F9000DC884 /* RxRelay.framework in Frameworks */ = {isa = PBXBuildFile; fileRef = 712D67BA251D97F9000DC884 /* RxRelay.framework */; };
		712D67C4251D97F9000DC884 /* RxCocoa.framework in Frameworks */ = {isa = PBXBuildFile; fileRef = 712D67BB251D97F9000DC884 /* RxCocoa.framework */; };
		712D67F6251D9CEE000DC884 /* Repository.swift in Sources */ = {isa = PBXBuildFile; fileRef = 712D67F5251D9CEE000DC884 /* Repository.swift */; };
		712D67FE251D9D26000DC884 /* RepositoryOwner.swift in Sources */ = {isa = PBXBuildFile; fileRef = 712D67FD251D9D26000DC884 /* RepositoryOwner.swift */; };
		712D6806251D9F88000DC884 /* RxBlocking.framework in Frameworks */ = {isa = PBXBuildFile; fileRef = 712D6804251D9F88000DC884 /* RxBlocking.framework */; platformFilter = ios; };
		712D6807251D9F88000DC884 /* RxTest.framework in Frameworks */ = {isa = PBXBuildFile; fileRef = 712D6805251D9F88000DC884 /* RxTest.framework */; platformFilter = ios; };
		712D680C251D9FEE000DC884 /* RxBlocking.framework in CopyFiles */ = {isa = PBXBuildFile; fileRef = 712D6804251D9F88000DC884 /* RxBlocking.framework */; platformFilter = ios; settings = {ATTRIBUTES = (CodeSignOnCopy, RemoveHeadersOnCopy, ); }; };
		712D680D251D9FF4000DC884 /* RxTest.framework in CopyFiles */ = {isa = PBXBuildFile; fileRef = 712D6805251D9F88000DC884 /* RxTest.framework */; platformFilter = ios; settings = {ATTRIBUTES = (CodeSignOnCopy, RemoveHeadersOnCopy, ); }; };
		712D6813251DA075000DC884 /* XCTestCase+Extension.swift in Sources */ = {isa = PBXBuildFile; fileRef = 712D6812251DA075000DC884 /* XCTestCase+Extension.swift */; };
		712D681A251DA297000DC884 /* SearchRepositoriesResponse.json in Resources */ = {isa = PBXBuildFile; fileRef = 712D6819251DA297000DC884 /* SearchRepositoriesResponse.json */; };
		712D6824251DA334000DC884 /* SearchRepositoriesResponse.swift in Sources */ = {isa = PBXBuildFile; fileRef = 712D6823251DA334000DC884 /* SearchRepositoriesResponse.swift */; };
		712D682A251DA3CB000DC884 /* ResponseTests.swift in Sources */ = {isa = PBXBuildFile; fileRef = 712D6829251DA3CB000DC884 /* ResponseTests.swift */; };
		712D683A251DAABD000DC884 /* APIRequest.swift in Sources */ = {isa = PBXBuildFile; fileRef = 712D6839251DAABC000DC884 /* APIRequest.swift */; };
		712D6842251DC63E000DC884 /* APIClient.swift in Sources */ = {isa = PBXBuildFile; fileRef = 712D6841251DC63E000DC884 /* APIClient.swift */; };
		712D6846251DD1CE000DC884 /* SearchRepositoriesRequest.swift in Sources */ = {isa = PBXBuildFile; fileRef = 712D6845251DD1CE000DC884 /* SearchRepositoriesRequest.swift */; };
		712D6854251DD4E2000DC884 /* SearchRepositoriesModel.swift in Sources */ = {isa = PBXBuildFile; fileRef = 712D6853251DD4E2000DC884 /* SearchRepositoriesModel.swift */; };
		712D6889251E035B000DC884 /* GitHubAPISearchRepository.swift in Sources */ = {isa = PBXBuildFile; fileRef = 712D6888251E035B000DC884 /* GitHubAPISearchRepository.swift */; };
		712DAF442520A96F00889011 /* ImageView.swift in Sources */ = {isa = PBXBuildFile; fileRef = 712DAF432520A96F00889011 /* ImageView.swift */; };
		712DAF4A2520AAA200889011 /* SearchRepositoriesCell.swift in Sources */ = {isa = PBXBuildFile; fileRef = 712DAF482520AAA200889011 /* SearchRepositoriesCell.swift */; };
		712DAF4B2520AAA200889011 /* SearchRepositoriesCell.xib in Resources */ = {isa = PBXBuildFile; fileRef = 712DAF492520AAA200889011 /* SearchRepositoriesCell.xib */; };
		712DAF5E252162D800889011 /* GetReadmeRequest.swift in Sources */ = {isa = PBXBuildFile; fileRef = 712DAF5D252162D800889011 /* GetReadmeRequest.swift */; };
		712DAF622521651E00889011 /* APICustomDecodeRequest.swift in Sources */ = {isa = PBXBuildFile; fileRef = 712DAF612521651E00889011 /* APICustomDecodeRequest.swift */; };
		712DAF7C25218A3900889011 /* RepositoryDetailViewModel.swift in Sources */ = {isa = PBXBuildFile; fileRef = 712DAF7B25218A3900889011 /* RepositoryDetailViewModel.swift */; };
		712DAF84252197E300889011 /* RepositoryDetailViewModelTests.swift in Sources */ = {isa = PBXBuildFile; fileRef = 712DAF83252197E300889011 /* RepositoryDetailViewModelTests.swift */; };
		71402009251E07F2007CE443 /* StubGitHubAPISearchRepository.swift in Sources */ = {isa = PBXBuildFile; fileRef = 71402008251E07F2007CE443 /* StubGitHubAPISearchRepository.swift */; };
		71402019251E31AF007CE443 /* StubError.swift in Sources */ = {isa = PBXBuildFile; fileRef = 71402018251E31AF007CE443 /* StubError.swift */; };
		71402024251E4381007CE443 /* SearchRepositoriesViewModel.swift in Sources */ = {isa = PBXBuildFile; fileRef = 71402023251E4381007CE443 /* SearchRepositoriesViewModel.swift */; };
		71402028251E478E007CE443 /* Stubs.swift in Sources */ = {isa = PBXBuildFile; fileRef = 71402027251E478E007CE443 /* Stubs.swift */; };
		71402039251E4B24007CE443 /* SearchRepositoriesViewModelTests.swift in Sources */ = {isa = PBXBuildFile; fileRef = 71402038251E4B24007CE443 /* SearchRepositoriesViewModelTests.swift */; };
		71402049251E5035007CE443 /* DisposableViewController.swift in Sources */ = {isa = PBXBuildFile; fileRef = 71402048251E5035007CE443 /* DisposableViewController.swift */; };
		7140204F251E5198007CE443 /* SearchRepositoriesViewController.storyboard in Resources */ = {isa = PBXBuildFile; fileRef = 7140204E251E5198007CE443 /* SearchRepositoriesViewController.storyboard */; };
		71402055251ED72C007CE443 /* RepositoryDetailViewController.storyboard in Resources */ = {isa = PBXBuildFile; fileRef = 71402054251ED72C007CE443 /* RepositoryDetailViewController.storyboard */; };
		7140205B251ED9E6007CE443 /* Storyboard.swift in Sources */ = {isa = PBXBuildFile; fileRef = 7140205A251ED9E6007CE443 /* Storyboard.swift */; };
		715A62252521F69F003AC0E2 /* AlignLeadingButton.swift in Sources */ = {isa = PBXBuildFile; fileRef = 715A62242521F69F003AC0E2 /* AlignLeadingButton.swift */; };
		715A62292521F791003AC0E2 /* ContainerView.swift in Sources */ = {isa = PBXBuildFile; fileRef = 715A62282521F791003AC0E2 /* ContainerView.swift */; };
		715A622D252200D6003AC0E2 /* Button.swift in Sources */ = {isa = PBXBuildFile; fileRef = 715A622C252200D6003AC0E2 /* Button.swift */; };
		715A623125229F92003AC0E2 /* RepositoryLicense.swift in Sources */ = {isa = PBXBuildFile; fileRef = 715A623025229F92003AC0E2 /* RepositoryLicense.swift */; };
		715A62412522A745003AC0E2 /* SearchRepositoriesModelTests.swift in Sources */ = {isa = PBXBuildFile; fileRef = 715A623F2522A745003AC0E2 /* SearchRepositoriesModelTests.swift */; };
		715A62422522A745003AC0E2 /* StubSearchRepositoriesModel.swift in Sources */ = {isa = PBXBuildFile; fileRef = 715A62402522A745003AC0E2 /* StubSearchRepositoriesModel.swift */; };
		715A62562522B82E003AC0E2 /* Asset.swift in Sources */ = {isa = PBXBuildFile; fileRef = 715A62552522B82E003AC0E2 /* Asset.swift */; };
		715A625D2522C14E003AC0E2 /* UIScrollView+Rx.swift in Sources */ = {isa = PBXBuildFile; fileRef = 715A625C2522C14E003AC0E2 /* UIScrollView+Rx.swift */; };
		715A62652522EB10003AC0E2 /* StateView.swift in Sources */ = {isa = PBXBuildFile; fileRef = 715A62642522EB10003AC0E2 /* StateView.swift */; };
		715A627025230F87003AC0E2 /* SearchRepositoriesCellType.swift in Sources */ = {isa = PBXBuildFile; fileRef = 715A626F25230F87003AC0E2 /* SearchRepositoriesCellType.swift */; };
		715A627525231030003AC0E2 /* IndicatorCell.swift in Sources */ = {isa = PBXBuildFile; fileRef = 715A627325231030003AC0E2 /* IndicatorCell.swift */; };
		715A627625231030003AC0E2 /* IndicatorCell.xib in Resources */ = {isa = PBXBuildFile; fileRef = 715A627425231030003AC0E2 /* IndicatorCell.xib */; };
		BF0A658D244F2A3B00280FA6 /* RepositoryDetailViewController.swift in Sources */ = {isa = PBXBuildFile; fileRef = BF0A658C244F2A3B00280FA6 /* RepositoryDetailViewController.swift */; };
		BFD945DF244DC5E80012785A /* AppDelegate.swift in Sources */ = {isa = PBXBuildFile; fileRef = BFD945DE244DC5E80012785A /* AppDelegate.swift */; };
		BFD945E1244DC5E80012785A /* SceneDelegate.swift in Sources */ = {isa = PBXBuildFile; fileRef = BFD945E0244DC5E80012785A /* SceneDelegate.swift */; };
		BFD945E3244DC5E80012785A /* SearchRepositoriesViewController.swift in Sources */ = {isa = PBXBuildFile; fileRef = BFD945E2244DC5E80012785A /* SearchRepositoriesViewController.swift */; };
		BFD945E8244DC5EB0012785A /* Assets.xcassets in Resources */ = {isa = PBXBuildFile; fileRef = BFD945E7244DC5EB0012785A /* Assets.xcassets */; };
		BFD945EB244DC5EB0012785A /* LaunchScreen.storyboard in Resources */ = {isa = PBXBuildFile; fileRef = BFD945E9244DC5EB0012785A /* LaunchScreen.storyboard */; };
		BFD94601244DC5EC0012785A /* iOSEngineerCodeCheckUITests.swift in Sources */ = {isa = PBXBuildFile; fileRef = BFD94600244DC5EC0012785A /* iOSEngineerCodeCheckUITests.swift */; };
/* End PBXBuildFile section */

/* Begin PBXContainerItemProxy section */
		BFD945F2244DC5EB0012785A /* PBXContainerItemProxy */ = {
			isa = PBXContainerItemProxy;
			containerPortal = BFD945D3244DC5E80012785A /* Project object */;
			proxyType = 1;
			remoteGlobalIDString = BFD945DA244DC5E80012785A;
			remoteInfo = iOSEngineerCodeCheck;
		};
		BFD945FD244DC5EB0012785A /* PBXContainerItemProxy */ = {
			isa = PBXContainerItemProxy;
			containerPortal = BFD945D3244DC5E80012785A /* Project object */;
			proxyType = 1;
			remoteGlobalIDString = BFD945DA244DC5E80012785A;
			remoteInfo = iOSEngineerCodeCheck;
		};
/* End PBXContainerItemProxy section */

/* Begin PBXCopyFilesBuildPhase section */
		712D680B251D9FDC000DC884 /* CopyFiles */ = {
			isa = PBXCopyFilesBuildPhase;
			buildActionMask = 2147483647;
			dstPath = "";
			dstSubfolderSpec = 10;
			files = (
				712D680D251D9FF4000DC884 /* RxTest.framework in CopyFiles */,
				712D680C251D9FEE000DC884 /* RxBlocking.framework in CopyFiles */,
			);
			runOnlyForDeploymentPostprocessing = 0;
		};
/* End PBXCopyFilesBuildPhase section */

/* Begin PBXFileReference section */
		712D67B7251D97F8000DC884 /* Kingfisher.framework */ = {isa = PBXFileReference; lastKnownFileType = wrapper.framework; name = Kingfisher.framework; path = Carthage/Build/iOS/Kingfisher.framework; sourceTree = "<group>"; };
		712D67B8251D97F9000DC884 /* RxSwift.framework */ = {isa = PBXFileReference; lastKnownFileType = wrapper.framework; name = RxSwift.framework; path = Carthage/Build/iOS/RxSwift.framework; sourceTree = "<group>"; };
		712D67B9251D97F9000DC884 /* Alamofire.framework */ = {isa = PBXFileReference; lastKnownFileType = wrapper.framework; name = Alamofire.framework; path = Carthage/Build/iOS/Alamofire.framework; sourceTree = "<group>"; };
		712D67BA251D97F9000DC884 /* RxRelay.framework */ = {isa = PBXFileReference; lastKnownFileType = wrapper.framework; name = RxRelay.framework; path = Carthage/Build/iOS/RxRelay.framework; sourceTree = "<group>"; };
		712D67BB251D97F9000DC884 /* RxCocoa.framework */ = {isa = PBXFileReference; lastKnownFileType = wrapper.framework; name = RxCocoa.framework; path = Carthage/Build/iOS/RxCocoa.framework; sourceTree = "<group>"; };
		712D67F5251D9CEE000DC884 /* Repository.swift */ = {isa = PBXFileReference; lastKnownFileType = sourcecode.swift; path = Repository.swift; sourceTree = "<group>"; };
		712D67FD251D9D26000DC884 /* RepositoryOwner.swift */ = {isa = PBXFileReference; lastKnownFileType = sourcecode.swift; path = RepositoryOwner.swift; sourceTree = "<group>"; };
		712D6804251D9F88000DC884 /* RxBlocking.framework */ = {isa = PBXFileReference; lastKnownFileType = wrapper.framework; name = RxBlocking.framework; path = Carthage/Build/iOS/RxBlocking.framework; sourceTree = "<group>"; };
		712D6805251D9F88000DC884 /* RxTest.framework */ = {isa = PBXFileReference; lastKnownFileType = wrapper.framework; name = RxTest.framework; path = Carthage/Build/iOS/RxTest.framework; sourceTree = "<group>"; };
		712D6812251DA075000DC884 /* XCTestCase+Extension.swift */ = {isa = PBXFileReference; lastKnownFileType = sourcecode.swift; path = "XCTestCase+Extension.swift"; sourceTree = "<group>"; };
		712D6819251DA297000DC884 /* SearchRepositoriesResponse.json */ = {isa = PBXFileReference; lastKnownFileType = text.json; path = SearchRepositoriesResponse.json; sourceTree = "<group>"; };
		712D6823251DA334000DC884 /* SearchRepositoriesResponse.swift */ = {isa = PBXFileReference; lastKnownFileType = sourcecode.swift; path = SearchRepositoriesResponse.swift; sourceTree = "<group>"; };
		712D6829251DA3CB000DC884 /* ResponseTests.swift */ = {isa = PBXFileReference; lastKnownFileType = sourcecode.swift; path = ResponseTests.swift; sourceTree = "<group>"; };
		712D6839251DAABC000DC884 /* APIRequest.swift */ = {isa = PBXFileReference; lastKnownFileType = sourcecode.swift; path = APIRequest.swift; sourceTree = "<group>"; };
		712D6841251DC63E000DC884 /* APIClient.swift */ = {isa = PBXFileReference; lastKnownFileType = sourcecode.swift; path = APIClient.swift; sourceTree = "<group>"; };
		712D6845251DD1CE000DC884 /* SearchRepositoriesRequest.swift */ = {isa = PBXFileReference; lastKnownFileType = sourcecode.swift; path = SearchRepositoriesRequest.swift; sourceTree = "<group>"; };
		712D6853251DD4E2000DC884 /* SearchRepositoriesModel.swift */ = {isa = PBXFileReference; lastKnownFileType = sourcecode.swift; path = SearchRepositoriesModel.swift; sourceTree = "<group>"; };
		712D6888251E035B000DC884 /* GitHubAPISearchRepository.swift */ = {isa = PBXFileReference; lastKnownFileType = sourcecode.swift; path = GitHubAPISearchRepository.swift; sourceTree = "<group>"; };
		712DAF432520A96F00889011 /* ImageView.swift */ = {isa = PBXFileReference; lastKnownFileType = sourcecode.swift; path = ImageView.swift; sourceTree = "<group>"; };
		712DAF482520AAA200889011 /* SearchRepositoriesCell.swift */ = {isa = PBXFileReference; lastKnownFileType = sourcecode.swift; path = SearchRepositoriesCell.swift; sourceTree = "<group>"; };
		712DAF492520AAA200889011 /* SearchRepositoriesCell.xib */ = {isa = PBXFileReference; lastKnownFileType = file.xib; path = SearchRepositoriesCell.xib; sourceTree = "<group>"; };
		712DAF56252161B900889011 /* Down.framework */ = {isa = PBXFileReference; lastKnownFileType = wrapper.framework; name = Down.framework; path = Carthage/Build/iOS/Down.framework; sourceTree = "<group>"; };
		712DAF5D252162D800889011 /* GetReadmeRequest.swift */ = {isa = PBXFileReference; lastKnownFileType = sourcecode.swift; path = GetReadmeRequest.swift; sourceTree = "<group>"; };
		712DAF612521651E00889011 /* APICustomDecodeRequest.swift */ = {isa = PBXFileReference; lastKnownFileType = sourcecode.swift; path = APICustomDecodeRequest.swift; sourceTree = "<group>"; };
		712DAF7B25218A3900889011 /* RepositoryDetailViewModel.swift */ = {isa = PBXFileReference; lastKnownFileType = sourcecode.swift; path = RepositoryDetailViewModel.swift; sourceTree = "<group>"; };
		712DAF83252197E300889011 /* RepositoryDetailViewModelTests.swift */ = {isa = PBXFileReference; lastKnownFileType = sourcecode.swift; path = RepositoryDetailViewModelTests.swift; sourceTree = "<group>"; };
		71402008251E07F2007CE443 /* StubGitHubAPISearchRepository.swift */ = {isa = PBXFileReference; lastKnownFileType = sourcecode.swift; path = StubGitHubAPISearchRepository.swift; sourceTree = "<group>"; };
		71402018251E31AF007CE443 /* StubError.swift */ = {isa = PBXFileReference; lastKnownFileType = sourcecode.swift; path = StubError.swift; sourceTree = "<group>"; };
		71402023251E4381007CE443 /* SearchRepositoriesViewModel.swift */ = {isa = PBXFileReference; lastKnownFileType = sourcecode.swift; path = SearchRepositoriesViewModel.swift; sourceTree = "<group>"; };
		71402027251E478E007CE443 /* Stubs.swift */ = {isa = PBXFileReference; lastKnownFileType = sourcecode.swift; path = Stubs.swift; sourceTree = "<group>"; };
		71402038251E4B24007CE443 /* SearchRepositoriesViewModelTests.swift */ = {isa = PBXFileReference; lastKnownFileType = sourcecode.swift; path = SearchRepositoriesViewModelTests.swift; sourceTree = "<group>"; };
		71402048251E5035007CE443 /* DisposableViewController.swift */ = {isa = PBXFileReference; lastKnownFileType = sourcecode.swift; path = DisposableViewController.swift; sourceTree = "<group>"; };
		7140204E251E5198007CE443 /* SearchRepositoriesViewController.storyboard */ = {isa = PBXFileReference; lastKnownFileType = file.storyboard; path = SearchRepositoriesViewController.storyboard; sourceTree = "<group>"; };
		71402054251ED72C007CE443 /* RepositoryDetailViewController.storyboard */ = {isa = PBXFileReference; lastKnownFileType = file.storyboard; name = RepositoryDetailViewController.storyboard; path = iOSEngineerCodeCheck/View/RepositoryDetail/RepositoryDetailViewController.storyboard; sourceTree = SOURCE_ROOT; };
		7140205A251ED9E6007CE443 /* Storyboard.swift */ = {isa = PBXFileReference; lastKnownFileType = sourcecode.swift; path = Storyboard.swift; sourceTree = "<group>"; };
		715A62242521F69F003AC0E2 /* AlignLeadingButton.swift */ = {isa = PBXFileReference; lastKnownFileType = sourcecode.swift; path = AlignLeadingButton.swift; sourceTree = "<group>"; };
		715A62282521F791003AC0E2 /* ContainerView.swift */ = {isa = PBXFileReference; lastKnownFileType = sourcecode.swift; path = ContainerView.swift; sourceTree = "<group>"; };
		715A622C252200D6003AC0E2 /* Button.swift */ = {isa = PBXFileReference; lastKnownFileType = sourcecode.swift; path = Button.swift; sourceTree = "<group>"; };
		715A623025229F92003AC0E2 /* RepositoryLicense.swift */ = {isa = PBXFileReference; lastKnownFileType = sourcecode.swift; path = RepositoryLicense.swift; sourceTree = "<group>"; };
		715A623F2522A745003AC0E2 /* SearchRepositoriesModelTests.swift */ = {isa = PBXFileReference; fileEncoding = 4; lastKnownFileType = sourcecode.swift; path = SearchRepositoriesModelTests.swift; sourceTree = "<group>"; };
		715A62402522A745003AC0E2 /* StubSearchRepositoriesModel.swift */ = {isa = PBXFileReference; fileEncoding = 4; lastKnownFileType = sourcecode.swift; path = StubSearchRepositoriesModel.swift; sourceTree = "<group>"; };
		715A62552522B82E003AC0E2 /* Asset.swift */ = {isa = PBXFileReference; fileEncoding = 4; lastKnownFileType = sourcecode.swift; path = Asset.swift; sourceTree = "<group>"; };
		715A625C2522C14E003AC0E2 /* UIScrollView+Rx.swift */ = {isa = PBXFileReference; lastKnownFileType = sourcecode.swift; path = "UIScrollView+Rx.swift"; sourceTree = "<group>"; };
		715A62642522EB10003AC0E2 /* StateView.swift */ = {isa = PBXFileReference; lastKnownFileType = sourcecode.swift; path = StateView.swift; sourceTree = "<group>"; };
		715A626F25230F87003AC0E2 /* SearchRepositoriesCellType.swift */ = {isa = PBXFileReference; lastKnownFileType = sourcecode.swift; path = SearchRepositoriesCellType.swift; sourceTree = "<group>"; };
		715A627325231030003AC0E2 /* IndicatorCell.swift */ = {isa = PBXFileReference; lastKnownFileType = sourcecode.swift; path = IndicatorCell.swift; sourceTree = "<group>"; };
		715A627425231030003AC0E2 /* IndicatorCell.xib */ = {isa = PBXFileReference; lastKnownFileType = file.xib; path = IndicatorCell.xib; sourceTree = "<group>"; };
		BF0A658C244F2A3B00280FA6 /* RepositoryDetailViewController.swift */ = {isa = PBXFileReference; lastKnownFileType = sourcecode.swift; path = RepositoryDetailViewController.swift; sourceTree = "<group>"; };
		BFD945DB244DC5E80012785A /* iOSEngineerCodeCheck.app */ = {isa = PBXFileReference; explicitFileType = wrapper.application; includeInIndex = 0; path = iOSEngineerCodeCheck.app; sourceTree = BUILT_PRODUCTS_DIR; };
		BFD945DE244DC5E80012785A /* AppDelegate.swift */ = {isa = PBXFileReference; lastKnownFileType = sourcecode.swift; path = AppDelegate.swift; sourceTree = "<group>"; };
		BFD945E0244DC5E80012785A /* SceneDelegate.swift */ = {isa = PBXFileReference; lastKnownFileType = sourcecode.swift; path = SceneDelegate.swift; sourceTree = "<group>"; };
		BFD945E2244DC5E80012785A /* SearchRepositoriesViewController.swift */ = {isa = PBXFileReference; lastKnownFileType = sourcecode.swift; path = SearchRepositoriesViewController.swift; sourceTree = "<group>"; };
		BFD945E7244DC5EB0012785A /* Assets.xcassets */ = {isa = PBXFileReference; lastKnownFileType = folder.assetcatalog; path = Assets.xcassets; sourceTree = "<group>"; };
		BFD945EA244DC5EB0012785A /* Base */ = {isa = PBXFileReference; lastKnownFileType = file.storyboard; name = Base; path = Base.lproj/LaunchScreen.storyboard; sourceTree = "<group>"; };
		BFD945EC244DC5EB0012785A /* Info.plist */ = {isa = PBXFileReference; lastKnownFileType = text.plist.xml; path = Info.plist; sourceTree = "<group>"; };
		BFD945F1244DC5EB0012785A /* iOSEngineerCodeCheckTests.xctest */ = {isa = PBXFileReference; explicitFileType = wrapper.cfbundle; includeInIndex = 0; path = iOSEngineerCodeCheckTests.xctest; sourceTree = BUILT_PRODUCTS_DIR; };
		BFD945F7244DC5EB0012785A /* Info.plist */ = {isa = PBXFileReference; lastKnownFileType = text.plist.xml; path = Info.plist; sourceTree = "<group>"; };
		BFD945FC244DC5EB0012785A /* iOSEngineerCodeCheckUITests.xctest */ = {isa = PBXFileReference; explicitFileType = wrapper.cfbundle; includeInIndex = 0; path = iOSEngineerCodeCheckUITests.xctest; sourceTree = BUILT_PRODUCTS_DIR; };
		BFD94600244DC5EC0012785A /* iOSEngineerCodeCheckUITests.swift */ = {isa = PBXFileReference; lastKnownFileType = sourcecode.swift; path = iOSEngineerCodeCheckUITests.swift; sourceTree = "<group>"; };
		BFD94602244DC5EC0012785A /* Info.plist */ = {isa = PBXFileReference; lastKnownFileType = text.plist.xml; path = Info.plist; sourceTree = "<group>"; };
/* End PBXFileReference section */

/* Begin PBXFrameworksBuildPhase section */
		BFD945D8244DC5E80012785A /* Frameworks */ = {
			isa = PBXFrameworksBuildPhase;
			buildActionMask = 2147483647;
			files = (
				712D67C2251D97F9000DC884 /* RxRelay.framework in Frameworks */,
				712D67BE251D97F9000DC884 /* RxSwift.framework in Frameworks */,
				712D67C0251D97F9000DC884 /* Alamofire.framework in Frameworks */,
				712D67C4251D97F9000DC884 /* RxCocoa.framework in Frameworks */,
				712D67BC251D97F9000DC884 /* Kingfisher.framework in Frameworks */,
			);
			runOnlyForDeploymentPostprocessing = 0;
		};
		BFD945EE244DC5EB0012785A /* Frameworks */ = {
			isa = PBXFrameworksBuildPhase;
			buildActionMask = 2147483647;
			files = (
				712D6806251D9F88000DC884 /* RxBlocking.framework in Frameworks */,
				712D6807251D9F88000DC884 /* RxTest.framework in Frameworks */,
			);
			runOnlyForDeploymentPostprocessing = 0;
		};
		BFD945F9244DC5EB0012785A /* Frameworks */ = {
			isa = PBXFrameworksBuildPhase;
			buildActionMask = 2147483647;
			files = (
			);
			runOnlyForDeploymentPostprocessing = 0;
		};
/* End PBXFrameworksBuildPhase section */

/* Begin PBXGroup section */
		712D67B6251D97F8000DC884 /* Frameworks */ = {
			isa = PBXGroup;
			children = (
				712DAF56252161B900889011 /* Down.framework */,
				712D6804251D9F88000DC884 /* RxBlocking.framework */,
				712D6805251D9F88000DC884 /* RxTest.framework */,
				712D67B9251D97F9000DC884 /* Alamofire.framework */,
				712D67B7251D97F8000DC884 /* Kingfisher.framework */,
				712D67BB251D97F9000DC884 /* RxCocoa.framework */,
				712D67BA251D97F9000DC884 /* RxRelay.framework */,
				712D67B8251D97F9000DC884 /* RxSwift.framework */,
			);
			name = Frameworks;
			sourceTree = "<group>";
		};
		712D67F3251D9CD4000DC884 /* Network */ = {
			isa = PBXGroup;
			children = (
				712D6841251DC63E000DC884 /* APIClient.swift */,
				712D6838251DAA67000DC884 /* Request */,
				712D67F4251D9CDD000DC884 /* Response */,
			);
			path = Network;
			sourceTree = "<group>";
		};
		712D67F4251D9CDD000DC884 /* Response */ = {
			isa = PBXGroup;
			children = (
				712D67F5251D9CEE000DC884 /* Repository.swift */,
				715A623025229F92003AC0E2 /* RepositoryLicense.swift */,
				712D67FD251D9D26000DC884 /* RepositoryOwner.swift */,
				712D6823251DA334000DC884 /* SearchRepositoriesResponse.swift */,
			);
			path = Response;
			sourceTree = "<group>";
		};
		712D6810251DA02A000DC884 /* Common */ = {
			isa = PBXGroup;
			children = (
				71402017251E31A2007CE443 /* Util */,
				712D6811251DA032000DC884 /* Extension */,
				712D6818251DA27E000DC884 /* Json */,
			);
			path = Common;
			sourceTree = "<group>";
		};
		712D6811251DA032000DC884 /* Extension */ = {
			isa = PBXGroup;
			children = (
				712D6812251DA075000DC884 /* XCTestCase+Extension.swift */,
			);
			path = Extension;
			sourceTree = "<group>";
		};
		712D6818251DA27E000DC884 /* Json */ = {
			isa = PBXGroup;
			children = (
				712D6819251DA297000DC884 /* SearchRepositoriesResponse.json */,
			);
			path = Json;
			sourceTree = "<group>";
		};
		712D6827251DA3AA000DC884 /* Network */ = {
			isa = PBXGroup;
			children = (
				712D6828251DA3B2000DC884 /* Response */,
			);
			path = Network;
			sourceTree = "<group>";
		};
		712D6828251DA3B2000DC884 /* Response */ = {
			isa = PBXGroup;
			children = (
				712D6829251DA3CB000DC884 /* ResponseTests.swift */,
			);
			path = Response;
			sourceTree = "<group>";
		};
		712D6838251DAA67000DC884 /* Request */ = {
			isa = PBXGroup;
			children = (
				712D6839251DAABC000DC884 /* APIRequest.swift */,
				712DAF612521651E00889011 /* APICustomDecodeRequest.swift */,
				712D6845251DD1CE000DC884 /* SearchRepositoriesRequest.swift */,
				712DAF5D252162D800889011 /* GetReadmeRequest.swift */,
			);
			path = Request;
			sourceTree = "<group>";
		};
		712D6852251DD4BC000DC884 /* Model */ = {
			isa = PBXGroup;
			children = (
				712D6853251DD4E2000DC884 /* SearchRepositoriesModel.swift */,
			);
			path = Model;
			sourceTree = "<group>";
		};
		712D6887251E033B000DC884 /* Repository */ = {
			isa = PBXGroup;
			children = (
				712D6888251E035B000DC884 /* GitHubAPISearchRepository.swift */,
			);
			path = Repository;
			sourceTree = "<group>";
		};
		712DAF472520AA7D00889011 /* Cell */ = {
			isa = PBXGroup;
			children = (
				715A626F25230F87003AC0E2 /* SearchRepositoriesCellType.swift */,
				712DAF482520AAA200889011 /* SearchRepositoriesCell.swift */,
				712DAF492520AAA200889011 /* SearchRepositoriesCell.xib */,
				715A627325231030003AC0E2 /* IndicatorCell.swift */,
				715A627425231030003AC0E2 /* IndicatorCell.xib */,
			);
			path = Cell;
			sourceTree = "<group>";
		};
		71402007251E07DB007CE443 /* Repository */ = {
			isa = PBXGroup;
			children = (
				71402008251E07F2007CE443 /* StubGitHubAPISearchRepository.swift */,
			);
			path = Repository;
			sourceTree = "<group>";
		};
		71402010251E08B6007CE443 /* Model */ = {
			isa = PBXGroup;
			children = (
				715A623E2522A6E7003AC0E2 /* SearchRepositories */,
			);
			path = Model;
			sourceTree = "<group>";
		};
		71402017251E31A2007CE443 /* Util */ = {
			isa = PBXGroup;
			children = (
				71402027251E478E007CE443 /* Stubs.swift */,
				71402018251E31AF007CE443 /* StubError.swift */,
			);
			path = Util;
			sourceTree = "<group>";
		};
		71402020251E434F007CE443 /* ViewModel */ = {
			isa = PBXGroup;
			children = (
				712DAF7B25218A3900889011 /* RepositoryDetailViewModel.swift */,
				71402023251E4381007CE443 /* SearchRepositoriesViewModel.swift */,
			);
			path = ViewModel;
			sourceTree = "<group>";
		};
		71402037251E4B07007CE443 /* ViewModel */ = {
			isa = PBXGroup;
			children = (
				71402038251E4B24007CE443 /* SearchRepositoriesViewModelTests.swift */,
				712DAF83252197E300889011 /* RepositoryDetailViewModelTests.swift */,
			);
			path = ViewModel;
			sourceTree = "<group>";
		};
		71402040251E4ED5007CE443 /* View */ = {
			isa = PBXGroup;
			children = (
				7140205A251ED9E6007CE443 /* Storyboard.swift */,
				71402042251E4EF2007CE443 /* RepositoryDetail */,
				71402041251E4EDF007CE443 /* SearchRepositories */,
			);
			path = View;
			sourceTree = "<group>";
		};
		71402041251E4EDF007CE443 /* SearchRepositories */ = {
			isa = PBXGroup;
			children = (
				BFD945E2244DC5E80012785A /* SearchRepositoriesViewController.swift */,
				7140204E251E5198007CE443 /* SearchRepositoriesViewController.storyboard */,
				712DAF472520AA7D00889011 /* Cell */,
			);
			path = SearchRepositories;
			sourceTree = "<group>";
		};
		71402042251E4EF2007CE443 /* RepositoryDetail */ = {
			isa = PBXGroup;
			children = (
				BF0A658C244F2A3B00280FA6 /* RepositoryDetailViewController.swift */,
				71402054251ED72C007CE443 /* RepositoryDetailViewController.storyboard */,
			);
			path = RepositoryDetail;
			sourceTree = "<group>";
		};
		71402046251E501D007CE443 /* Common */ = {
			isa = PBXGroup;
			children = (
				715A625B2522C141003AC0E2 /* Extension */,
				71402047251E5025007CE443 /* View */,
			);
			path = Common;
			sourceTree = "<group>";
		};
		71402047251E5025007CE443 /* View */ = {
			isa = PBXGroup;
			children = (
				715A62242521F69F003AC0E2 /* AlignLeadingButton.swift */,
				715A622C252200D6003AC0E2 /* Button.swift */,
				715A62282521F791003AC0E2 /* ContainerView.swift */,
				71402048251E5035007CE443 /* DisposableViewController.swift */,
				712DAF432520A96F00889011 /* ImageView.swift */,
				715A62642522EB10003AC0E2 /* StateView.swift */,
			);
			path = View;
			sourceTree = "<group>";
		};
		715A623E2522A6E7003AC0E2 /* SearchRepositories */ = {
			isa = PBXGroup;
			children = (
				715A623F2522A745003AC0E2 /* SearchRepositoriesModelTests.swift */,
				715A62402522A745003AC0E2 /* StubSearchRepositoriesModel.swift */,
			);
			path = SearchRepositories;
			sourceTree = "<group>";
		};
		715A62542522B730003AC0E2 /* Generated */ = {
			isa = PBXGroup;
			children = (
				715A62552522B82E003AC0E2 /* Asset.swift */,
			);
			path = Generated;
			sourceTree = "<group>";
		};
		715A625B2522C141003AC0E2 /* Extension */ = {
			isa = PBXGroup;
			children = (
				715A625C2522C14E003AC0E2 /* UIScrollView+Rx.swift */,
			);
			path = Extension;
			sourceTree = "<group>";
		};
		BFD945D2244DC5E80012785A = {
			isa = PBXGroup;
			children = (
				BFD945DD244DC5E80012785A /* iOSEngineerCodeCheck */,
				BFD945F4244DC5EB0012785A /* iOSEngineerCodeCheckTests */,
				BFD945FF244DC5EB0012785A /* iOSEngineerCodeCheckUITests */,
				BFD945DC244DC5E80012785A /* Products */,
				712D67B6251D97F8000DC884 /* Frameworks */,
			);
			sourceTree = "<group>";
		};
		BFD945DC244DC5E80012785A /* Products */ = {
			isa = PBXGroup;
			children = (
				BFD945DB244DC5E80012785A /* iOSEngineerCodeCheck.app */,
				BFD945F1244DC5EB0012785A /* iOSEngineerCodeCheckTests.xctest */,
				BFD945FC244DC5EB0012785A /* iOSEngineerCodeCheckUITests.xctest */,
			);
			name = Products;
			sourceTree = "<group>";
		};
		BFD945DD244DC5E80012785A /* iOSEngineerCodeCheck */ = {
			isa = PBXGroup;
			children = (
				BFD945DE244DC5E80012785A /* AppDelegate.swift */,
				BFD945E0244DC5E80012785A /* SceneDelegate.swift */,
				712D67F3251D9CD4000DC884 /* Network */,
				712D6887251E033B000DC884 /* Repository */,
				712D6852251DD4BC000DC884 /* Model */,
				71402020251E434F007CE443 /* ViewModel */,
				71402040251E4ED5007CE443 /* View */,
				71402046251E501D007CE443 /* Common */,
				715A62542522B730003AC0E2 /* Generated */,
				BFD945E7244DC5EB0012785A /* Assets.xcassets */,
				BFD945E9244DC5EB0012785A /* LaunchScreen.storyboard */,
				BFD945EC244DC5EB0012785A /* Info.plist */,
			);
			path = iOSEngineerCodeCheck;
			sourceTree = "<group>";
		};
		BFD945F4244DC5EB0012785A /* iOSEngineerCodeCheckTests */ = {
			isa = PBXGroup;
			children = (
				712D6827251DA3AA000DC884 /* Network */,
				71402007251E07DB007CE443 /* Repository */,
				71402010251E08B6007CE443 /* Model */,
				71402037251E4B07007CE443 /* ViewModel */,
				712D6810251DA02A000DC884 /* Common */,
				BFD945F7244DC5EB0012785A /* Info.plist */,
			);
			path = iOSEngineerCodeCheckTests;
			sourceTree = "<group>";
		};
		BFD945FF244DC5EB0012785A /* iOSEngineerCodeCheckUITests */ = {
			isa = PBXGroup;
			children = (
				BFD94600244DC5EC0012785A /* iOSEngineerCodeCheckUITests.swift */,
				BFD94602244DC5EC0012785A /* Info.plist */,
			);
			path = iOSEngineerCodeCheckUITests;
			sourceTree = "<group>";
		};
/* End PBXGroup section */

/* Begin PBXNativeTarget section */
		BFD945DA244DC5E80012785A /* iOSEngineerCodeCheck */ = {
			isa = PBXNativeTarget;
			buildConfigurationList = BFD94605244DC5EC0012785A /* Build configuration list for PBXNativeTarget "iOSEngineerCodeCheck" */;
			buildPhases = (
				BFD945D7244DC5E80012785A /* Sources */,
				BFD945D8244DC5E80012785A /* Frameworks */,
				BFD945D9244DC5E80012785A /* Resources */,
				712D67CC251D9804000DC884 /* Carthage */,
				715A62512522AF32003AC0E2 /* SwiftLint */,
			);
			buildRules = (
			);
			dependencies = (
			);
			name = iOSEngineerCodeCheck;
			productName = iOSEngineerCodeCheck;
			productReference = BFD945DB244DC5E80012785A /* iOSEngineerCodeCheck.app */;
			productType = "com.apple.product-type.application";
		};
		BFD945F0244DC5EB0012785A /* iOSEngineerCodeCheckTests */ = {
			isa = PBXNativeTarget;
			buildConfigurationList = BFD94608244DC5EC0012785A /* Build configuration list for PBXNativeTarget "iOSEngineerCodeCheckTests" */;
			buildPhases = (
				BFD945ED244DC5EB0012785A /* Sources */,
				BFD945EE244DC5EB0012785A /* Frameworks */,
				BFD945EF244DC5EB0012785A /* Resources */,
				712D680B251D9FDC000DC884 /* CopyFiles */,
			);
			buildRules = (
			);
			dependencies = (
				BFD945F3244DC5EB0012785A /* PBXTargetDependency */,
			);
			name = iOSEngineerCodeCheckTests;
			productName = iOSEngineerCodeCheckTests;
			productReference = BFD945F1244DC5EB0012785A /* iOSEngineerCodeCheckTests.xctest */;
			productType = "com.apple.product-type.bundle.unit-test";
		};
		BFD945FB244DC5EB0012785A /* iOSEngineerCodeCheckUITests */ = {
			isa = PBXNativeTarget;
			buildConfigurationList = BFD9460B244DC5EC0012785A /* Build configuration list for PBXNativeTarget "iOSEngineerCodeCheckUITests" */;
			buildPhases = (
				BFD945F8244DC5EB0012785A /* Sources */,
				BFD945F9244DC5EB0012785A /* Frameworks */,
				BFD945FA244DC5EB0012785A /* Resources */,
			);
			buildRules = (
			);
			dependencies = (
				BFD945FE244DC5EB0012785A /* PBXTargetDependency */,
			);
			name = iOSEngineerCodeCheckUITests;
			productName = iOSEngineerCodeCheckUITests;
			productReference = BFD945FC244DC5EB0012785A /* iOSEngineerCodeCheckUITests.xctest */;
			productType = "com.apple.product-type.bundle.ui-testing";
		};
/* End PBXNativeTarget section */

/* Begin PBXProject section */
		BFD945D3244DC5E80012785A /* Project object */ = {
			isa = PBXProject;
			attributes = {
				LastSwiftUpdateCheck = 1140;
				LastUpgradeCheck = 1140;
				ORGANIZATIONNAME = "YUMEMI Inc.";
				TargetAttributes = {
					BFD945DA244DC5E80012785A = {
						CreatedOnToolsVersion = 11.4.1;
					};
					BFD945F0244DC5EB0012785A = {
						CreatedOnToolsVersion = 11.4.1;
						TestTargetID = BFD945DA244DC5E80012785A;
					};
					BFD945FB244DC5EB0012785A = {
						CreatedOnToolsVersion = 11.4.1;
						TestTargetID = BFD945DA244DC5E80012785A;
					};
				};
			};
			buildConfigurationList = BFD945D6244DC5E80012785A /* Build configuration list for PBXProject "iOSEngineerCodeCheck" */;
			compatibilityVersion = "Xcode 9.3";
			developmentRegion = en;
			hasScannedForEncodings = 0;
			knownRegions = (
				en,
				Base,
			);
			mainGroup = BFD945D2244DC5E80012785A;
			productRefGroup = BFD945DC244DC5E80012785A /* Products */;
			projectDirPath = "";
			projectRoot = "";
			targets = (
				BFD945DA244DC5E80012785A /* iOSEngineerCodeCheck */,
				BFD945F0244DC5EB0012785A /* iOSEngineerCodeCheckTests */,
				BFD945FB244DC5EB0012785A /* iOSEngineerCodeCheckUITests */,
			);
		};
/* End PBXProject section */

/* Begin PBXResourcesBuildPhase section */
		BFD945D9244DC5E80012785A /* Resources */ = {
			isa = PBXResourcesBuildPhase;
			buildActionMask = 2147483647;
			files = (
				BFD945EB244DC5EB0012785A /* LaunchScreen.storyboard in Resources */,
				BFD945E8244DC5EB0012785A /* Assets.xcassets in Resources */,
				712DAF4B2520AAA200889011 /* SearchRepositoriesCell.xib in Resources */,
				71402055251ED72C007CE443 /* RepositoryDetailViewController.storyboard in Resources */,
				7140204F251E5198007CE443 /* SearchRepositoriesViewController.storyboard in Resources */,
				715A627625231030003AC0E2 /* IndicatorCell.xib in Resources */,
			);
			runOnlyForDeploymentPostprocessing = 0;
		};
		BFD945EF244DC5EB0012785A /* Resources */ = {
			isa = PBXResourcesBuildPhase;
			buildActionMask = 2147483647;
			files = (
				712D681A251DA297000DC884 /* SearchRepositoriesResponse.json in Resources */,
			);
			runOnlyForDeploymentPostprocessing = 0;
		};
		BFD945FA244DC5EB0012785A /* Resources */ = {
			isa = PBXResourcesBuildPhase;
			buildActionMask = 2147483647;
			files = (
			);
			runOnlyForDeploymentPostprocessing = 0;
		};
/* End PBXResourcesBuildPhase section */

/* Begin PBXShellScriptBuildPhase section */
		712D67CC251D9804000DC884 /* Carthage */ = {
			isa = PBXShellScriptBuildPhase;
			buildActionMask = 2147483647;
			files = (
			);
			inputFileListPaths = (
			);
			inputPaths = (
				"$(SRCROOT)/Carthage/Build/iOS/Alamofire.framework",
				"$(SRCROOT)/Carthage/Build/iOS/Kingfisher.framework",
				"$(SRCROOT)/Carthage/Build/iOS/RxCocoa.framework",
				"$(SRCROOT)/Carthage/Build/iOS/RxRelay.framework",
				"$(SRCROOT)/Carthage/Build/iOS/RxSwift.framework",
			);
			name = Carthage;
			outputFileListPaths = (
			);
			outputPaths = (
			);
			runOnlyForDeploymentPostprocessing = 0;
			shellPath = /bin/sh;
			shellScript = "/usr/local/bin/carthage copy-frameworks\n";
		};
		715A62512522AF32003AC0E2 /* SwiftLint */ = {
			isa = PBXShellScriptBuildPhase;
			buildActionMask = 2147483647;
			files = (
			);
			inputFileListPaths = (
			);
			inputPaths = (
			);
			name = SwiftLint;
			outputFileListPaths = (
			);
			outputPaths = (
			);
			runOnlyForDeploymentPostprocessing = 0;
			shellPath = /bin/sh;
			shellScript = "if [[ -f ./Mintfile ]] ; then\n  mint run swiftlint autocorrect\n  mint run swiftlint\nelse\n  echo \"warning: SwiftLint not installed, download from https://github.com/realm/SwiftLint\"\nfi\n";
		};
/* End PBXShellScriptBuildPhase section */

/* Begin PBXSourcesBuildPhase section */
		BFD945D7244DC5E80012785A /* Sources */ = {
			isa = PBXSourcesBuildPhase;
			buildActionMask = 2147483647;
			files = (
				BFD945E3244DC5E80012785A /* SearchRepositoriesViewController.swift in Sources */,
				7140205B251ED9E6007CE443 /* Storyboard.swift in Sources */,
				715A62252521F69F003AC0E2 /* AlignLeadingButton.swift in Sources */,
				715A623125229F92003AC0E2 /* RepositoryLicense.swift in Sources */,
				712D683A251DAABD000DC884 /* APIRequest.swift in Sources */,
				712D6854251DD4E2000DC884 /* SearchRepositoriesModel.swift in Sources */,
				712DAF5E252162D800889011 /* GetReadmeRequest.swift in Sources */,
				712DAF7C25218A3900889011 /* RepositoryDetailViewModel.swift in Sources */,
				712D6824251DA334000DC884 /* SearchRepositoriesResponse.swift in Sources */,
				BF0A658D244F2A3B00280FA6 /* RepositoryDetailViewController.swift in Sources */,
				712DAF622521651E00889011 /* APICustomDecodeRequest.swift in Sources */,
				BFD945DF244DC5E80012785A /* AppDelegate.swift in Sources */,
				71402049251E5035007CE443 /* DisposableViewController.swift in Sources */,
				712DAF442520A96F00889011 /* ImageView.swift in Sources */,
				715A622D252200D6003AC0E2 /* Button.swift in Sources */,
				715A62652522EB10003AC0E2 /* StateView.swift in Sources */,
				712DAF4A2520AAA200889011 /* SearchRepositoriesCell.swift in Sources */,
				712D67F6251D9CEE000DC884 /* Repository.swift in Sources */,
				715A625D2522C14E003AC0E2 /* UIScrollView+Rx.swift in Sources */,
				715A62562522B82E003AC0E2 /* Asset.swift in Sources */,
				71402024251E4381007CE443 /* SearchRepositoriesViewModel.swift in Sources */,
				715A627525231030003AC0E2 /* IndicatorCell.swift in Sources */,
				712D67FE251D9D26000DC884 /* RepositoryOwner.swift in Sources */,
				715A627025230F87003AC0E2 /* SearchRepositoriesCellType.swift in Sources */,
				BFD945E1244DC5E80012785A /* SceneDelegate.swift in Sources */,
				715A62292521F791003AC0E2 /* ContainerView.swift in Sources */,
				712D6889251E035B000DC884 /* GitHubAPISearchRepository.swift in Sources */,
				712D6842251DC63E000DC884 /* APIClient.swift in Sources */,
				712D6846251DD1CE000DC884 /* SearchRepositoriesRequest.swift in Sources */,
			);
			runOnlyForDeploymentPostprocessing = 0;
		};
		BFD945ED244DC5EB0012785A /* Sources */ = {
			isa = PBXSourcesBuildPhase;
			buildActionMask = 2147483647;
			files = (
				715A62422522A745003AC0E2 /* StubSearchRepositoriesModel.swift in Sources */,
				712D682A251DA3CB000DC884 /* ResponseTests.swift in Sources */,
				712D6813251DA075000DC884 /* XCTestCase+Extension.swift in Sources */,
				71402009251E07F2007CE443 /* StubGitHubAPISearchRepository.swift in Sources */,
				712DAF84252197E300889011 /* RepositoryDetailViewModelTests.swift in Sources */,
				71402028251E478E007CE443 /* Stubs.swift in Sources */,
				71402019251E31AF007CE443 /* StubError.swift in Sources */,
				715A62412522A745003AC0E2 /* SearchRepositoriesModelTests.swift in Sources */,
				71402039251E4B24007CE443 /* SearchRepositoriesViewModelTests.swift in Sources */,
			);
			runOnlyForDeploymentPostprocessing = 0;
		};
		BFD945F8244DC5EB0012785A /* Sources */ = {
			isa = PBXSourcesBuildPhase;
			buildActionMask = 2147483647;
			files = (
				BFD94601244DC5EC0012785A /* iOSEngineerCodeCheckUITests.swift in Sources */,
			);
			runOnlyForDeploymentPostprocessing = 0;
		};
/* End PBXSourcesBuildPhase section */

/* Begin PBXTargetDependency section */
		BFD945F3244DC5EB0012785A /* PBXTargetDependency */ = {
			isa = PBXTargetDependency;
			target = BFD945DA244DC5E80012785A /* iOSEngineerCodeCheck */;
			targetProxy = BFD945F2244DC5EB0012785A /* PBXContainerItemProxy */;
		};
		BFD945FE244DC5EB0012785A /* PBXTargetDependency */ = {
			isa = PBXTargetDependency;
			target = BFD945DA244DC5E80012785A /* iOSEngineerCodeCheck */;
			targetProxy = BFD945FD244DC5EB0012785A /* PBXContainerItemProxy */;
		};
/* End PBXTargetDependency section */

/* Begin PBXVariantGroup section */
		BFD945E9244DC5EB0012785A /* LaunchScreen.storyboard */ = {
			isa = PBXVariantGroup;
			children = (
				BFD945EA244DC5EB0012785A /* Base */,
			);
			name = LaunchScreen.storyboard;
			sourceTree = "<group>";
		};
/* End PBXVariantGroup section */

/* Begin XCBuildConfiguration section */
		BFD94603244DC5EC0012785A /* Debug */ = {
			isa = XCBuildConfiguration;
			buildSettings = {
				ALWAYS_SEARCH_USER_PATHS = NO;
				CLANG_ANALYZER_NONNULL = YES;
				CLANG_ANALYZER_NUMBER_OBJECT_CONVERSION = YES_AGGRESSIVE;
				CLANG_CXX_LANGUAGE_STANDARD = "gnu++14";
				CLANG_CXX_LIBRARY = "libc++";
				CLANG_ENABLE_MODULES = YES;
				CLANG_ENABLE_OBJC_ARC = YES;
				CLANG_ENABLE_OBJC_WEAK = YES;
				CLANG_WARN_BLOCK_CAPTURE_AUTORELEASING = YES;
				CLANG_WARN_BOOL_CONVERSION = YES;
				CLANG_WARN_COMMA = YES;
				CLANG_WARN_CONSTANT_CONVERSION = YES;
				CLANG_WARN_DEPRECATED_OBJC_IMPLEMENTATIONS = YES;
				CLANG_WARN_DIRECT_OBJC_ISA_USAGE = YES_ERROR;
				CLANG_WARN_DOCUMENTATION_COMMENTS = YES;
				CLANG_WARN_EMPTY_BODY = YES;
				CLANG_WARN_ENUM_CONVERSION = YES;
				CLANG_WARN_INFINITE_RECURSION = YES;
				CLANG_WARN_INT_CONVERSION = YES;
				CLANG_WARN_NON_LITERAL_NULL_CONVERSION = YES;
				CLANG_WARN_OBJC_IMPLICIT_RETAIN_SELF = YES;
				CLANG_WARN_OBJC_LITERAL_CONVERSION = YES;
				CLANG_WARN_OBJC_ROOT_CLASS = YES_ERROR;
				CLANG_WARN_RANGE_LOOP_ANALYSIS = YES;
				CLANG_WARN_STRICT_PROTOTYPES = YES;
				CLANG_WARN_SUSPICIOUS_MOVE = YES;
				CLANG_WARN_UNGUARDED_AVAILABILITY = YES_AGGRESSIVE;
				CLANG_WARN_UNREACHABLE_CODE = YES;
				CLANG_WARN__DUPLICATE_METHOD_MATCH = YES;
				COPY_PHASE_STRIP = NO;
				DEBUG_INFORMATION_FORMAT = dwarf;
				ENABLE_STRICT_OBJC_MSGSEND = YES;
				ENABLE_TESTABILITY = YES;
				GCC_C_LANGUAGE_STANDARD = gnu11;
				GCC_DYNAMIC_NO_PIC = NO;
				GCC_NO_COMMON_BLOCKS = YES;
				GCC_OPTIMIZATION_LEVEL = 0;
				GCC_PREPROCESSOR_DEFINITIONS = (
					"DEBUG=1",
					"$(inherited)",
				);
				GCC_WARN_64_TO_32_BIT_CONVERSION = YES;
				GCC_WARN_ABOUT_RETURN_TYPE = YES_ERROR;
				GCC_WARN_UNDECLARED_SELECTOR = YES;
				GCC_WARN_UNINITIALIZED_AUTOS = YES_AGGRESSIVE;
				GCC_WARN_UNUSED_FUNCTION = YES;
				GCC_WARN_UNUSED_VARIABLE = YES;
				IPHONEOS_DEPLOYMENT_TARGET = 13.4;
				MTL_ENABLE_DEBUG_INFO = INCLUDE_SOURCE;
				MTL_FAST_MATH = YES;
				ONLY_ACTIVE_ARCH = YES;
				SDKROOT = iphoneos;
				SWIFT_ACTIVE_COMPILATION_CONDITIONS = DEBUG;
				SWIFT_OPTIMIZATION_LEVEL = "-Onone";
			};
			name = Debug;
		};
		BFD94604244DC5EC0012785A /* Release */ = {
			isa = XCBuildConfiguration;
			buildSettings = {
				ALWAYS_SEARCH_USER_PATHS = NO;
				CLANG_ANALYZER_NONNULL = YES;
				CLANG_ANALYZER_NUMBER_OBJECT_CONVERSION = YES_AGGRESSIVE;
				CLANG_CXX_LANGUAGE_STANDARD = "gnu++14";
				CLANG_CXX_LIBRARY = "libc++";
				CLANG_ENABLE_MODULES = YES;
				CLANG_ENABLE_OBJC_ARC = YES;
				CLANG_ENABLE_OBJC_WEAK = YES;
				CLANG_WARN_BLOCK_CAPTURE_AUTORELEASING = YES;
				CLANG_WARN_BOOL_CONVERSION = YES;
				CLANG_WARN_COMMA = YES;
				CLANG_WARN_CONSTANT_CONVERSION = YES;
				CLANG_WARN_DEPRECATED_OBJC_IMPLEMENTATIONS = YES;
				CLANG_WARN_DIRECT_OBJC_ISA_USAGE = YES_ERROR;
				CLANG_WARN_DOCUMENTATION_COMMENTS = YES;
				CLANG_WARN_EMPTY_BODY = YES;
				CLANG_WARN_ENUM_CONVERSION = YES;
				CLANG_WARN_INFINITE_RECURSION = YES;
				CLANG_WARN_INT_CONVERSION = YES;
				CLANG_WARN_NON_LITERAL_NULL_CONVERSION = YES;
				CLANG_WARN_OBJC_IMPLICIT_RETAIN_SELF = YES;
				CLANG_WARN_OBJC_LITERAL_CONVERSION = YES;
				CLANG_WARN_OBJC_ROOT_CLASS = YES_ERROR;
				CLANG_WARN_RANGE_LOOP_ANALYSIS = YES;
				CLANG_WARN_STRICT_PROTOTYPES = YES;
				CLANG_WARN_SUSPICIOUS_MOVE = YES;
				CLANG_WARN_UNGUARDED_AVAILABILITY = YES_AGGRESSIVE;
				CLANG_WARN_UNREACHABLE_CODE = YES;
				CLANG_WARN__DUPLICATE_METHOD_MATCH = YES;
				COPY_PHASE_STRIP = NO;
				DEBUG_INFORMATION_FORMAT = "dwarf-with-dsym";
				ENABLE_NS_ASSERTIONS = NO;
				ENABLE_STRICT_OBJC_MSGSEND = YES;
				GCC_C_LANGUAGE_STANDARD = gnu11;
				GCC_NO_COMMON_BLOCKS = YES;
				GCC_WARN_64_TO_32_BIT_CONVERSION = YES;
				GCC_WARN_ABOUT_RETURN_TYPE = YES_ERROR;
				GCC_WARN_UNDECLARED_SELECTOR = YES;
				GCC_WARN_UNINITIALIZED_AUTOS = YES_AGGRESSIVE;
				GCC_WARN_UNUSED_FUNCTION = YES;
				GCC_WARN_UNUSED_VARIABLE = YES;
				IPHONEOS_DEPLOYMENT_TARGET = 13.4;
				MTL_ENABLE_DEBUG_INFO = NO;
				MTL_FAST_MATH = YES;
				SDKROOT = iphoneos;
				SWIFT_COMPILATION_MODE = wholemodule;
				SWIFT_OPTIMIZATION_LEVEL = "-O";
				VALIDATE_PRODUCT = YES;
			};
			name = Release;
		};
		BFD94606244DC5EC0012785A /* Debug */ = {
			isa = XCBuildConfiguration;
			buildSettings = {
				ASSETCATALOG_COMPILER_APPICON_NAME = AppIcon;
				CODE_SIGN_STYLE = Automatic;
				DEVELOPMENT_TEAM = "";
				FRAMEWORK_SEARCH_PATHS = (
					"$(inherited)",
					"$(PROJECT_DIR)/Carthage/Build/iOS",
				);
				INFOPLIST_FILE = iOSEngineerCodeCheck/Info.plist;
				LD_RUNPATH_SEARCH_PATHS = (
					"$(inherited)",
					"@executable_path/Frameworks",
				);
				PRODUCT_BUNDLE_IDENTIFIER = jp.yumemi.iOSEngineerCodeCheck;
				PRODUCT_NAME = "$(TARGET_NAME)";
				SWIFT_VERSION = 5.0;
				TARGETED_DEVICE_FAMILY = "1,2";
			};
			name = Debug;
		};
		BFD94607244DC5EC0012785A /* Release */ = {
			isa = XCBuildConfiguration;
			buildSettings = {
				ASSETCATALOG_COMPILER_APPICON_NAME = AppIcon;
				CODE_SIGN_STYLE = Automatic;
				DEVELOPMENT_TEAM = "";
				FRAMEWORK_SEARCH_PATHS = (
					"$(inherited)",
					"$(PROJECT_DIR)/Carthage/Build/iOS",
				);
				INFOPLIST_FILE = iOSEngineerCodeCheck/Info.plist;
				LD_RUNPATH_SEARCH_PATHS = (
					"$(inherited)",
					"@executable_path/Frameworks",
				);
				PRODUCT_BUNDLE_IDENTIFIER = jp.yumemi.iOSEngineerCodeCheck;
				PRODUCT_NAME = "$(TARGET_NAME)";
				SWIFT_VERSION = 5.0;
				TARGETED_DEVICE_FAMILY = "1,2";
			};
			name = Release;
		};
		BFD94609244DC5EC0012785A /* Debug */ = {
			isa = XCBuildConfiguration;
			buildSettings = {
				ALWAYS_EMBED_SWIFT_STANDARD_LIBRARIES = YES;
				BUNDLE_LOADER = "$(TEST_HOST)";
				CODE_SIGN_STYLE = Automatic;
				DEVELOPMENT_TEAM = S7G9J68NLX;
				FRAMEWORK_SEARCH_PATHS = (
					"$(inherited)",
					"$(PROJECT_DIR)/Carthage/Build/iOS",
				);
				INFOPLIST_FILE = iOSEngineerCodeCheckTests/Info.plist;
				IPHONEOS_DEPLOYMENT_TARGET = 13.4;
				LD_RUNPATH_SEARCH_PATHS = (
					"$(inherited)",
					"@executable_path/Frameworks",
					"@loader_path/Frameworks",
				);
				PRODUCT_BUNDLE_IDENTIFIER = jp.yumemi.iOSEngineerCodeCheckTests;
				PRODUCT_NAME = "$(TARGET_NAME)";
				SWIFT_VERSION = 5.0;
				TARGETED_DEVICE_FAMILY = "1,2";
				TEST_HOST = "$(BUILT_PRODUCTS_DIR)/iOSEngineerCodeCheck.app/iOSEngineerCodeCheck";
			};
			name = Debug;
		};
		BFD9460A244DC5EC0012785A /* Release */ = {
			isa = XCBuildConfiguration;
			buildSettings = {
				ALWAYS_EMBED_SWIFT_STANDARD_LIBRARIES = YES;
				BUNDLE_LOADER = "$(TEST_HOST)";
				CODE_SIGN_STYLE = Automatic;
				DEVELOPMENT_TEAM = S7G9J68NLX;
				FRAMEWORK_SEARCH_PATHS = (
					"$(inherited)",
					"$(PROJECT_DIR)/Carthage/Build/iOS",
				);
				INFOPLIST_FILE = iOSEngineerCodeCheckTests/Info.plist;
				IPHONEOS_DEPLOYMENT_TARGET = 13.4;
				LD_RUNPATH_SEARCH_PATHS = (
					"$(inherited)",
					"@executable_path/Frameworks",
					"@loader_path/Frameworks",
				);
				PRODUCT_BUNDLE_IDENTIFIER = jp.yumemi.iOSEngineerCodeCheckTests;
				PRODUCT_NAME = "$(TARGET_NAME)";
				SWIFT_VERSION = 5.0;
				TARGETED_DEVICE_FAMILY = "1,2";
				TEST_HOST = "$(BUILT_PRODUCTS_DIR)/iOSEngineerCodeCheck.app/iOSEngineerCodeCheck";
			};
			name = Release;
		};
		BFD9460C244DC5EC0012785A /* Debug */ = {
			isa = XCBuildConfiguration;
			buildSettings = {
				ALWAYS_EMBED_SWIFT_STANDARD_LIBRARIES = YES;
				CODE_SIGN_STYLE = Automatic;
				DEVELOPMENT_TEAM = S7G9J68NLX;
				INFOPLIST_FILE = iOSEngineerCodeCheckUITests/Info.plist;
				LD_RUNPATH_SEARCH_PATHS = (
					"$(inherited)",
					"@executable_path/Frameworks",
					"@loader_path/Frameworks",
				);
				PRODUCT_BUNDLE_IDENTIFIER = jp.yumemi.iOSEngineerCodeCheckUITests;
				PRODUCT_NAME = "$(TARGET_NAME)";
				SWIFT_VERSION = 5.0;
				TARGETED_DEVICE_FAMILY = "1,2";
				TEST_TARGET_NAME = iOSEngineerCodeCheck;
			};
			name = Debug;
		};
		BFD9460D244DC5EC0012785A /* Release */ = {
			isa = XCBuildConfiguration;
			buildSettings = {
				ALWAYS_EMBED_SWIFT_STANDARD_LIBRARIES = YES;
				CODE_SIGN_STYLE = Automatic;
				DEVELOPMENT_TEAM = S7G9J68NLX;
				INFOPLIST_FILE = iOSEngineerCodeCheckUITests/Info.plist;
				LD_RUNPATH_SEARCH_PATHS = (
					"$(inherited)",
					"@executable_path/Frameworks",
					"@loader_path/Frameworks",
				);
				PRODUCT_BUNDLE_IDENTIFIER = jp.yumemi.iOSEngineerCodeCheckUITests;
				PRODUCT_NAME = "$(TARGET_NAME)";
				SWIFT_VERSION = 5.0;
				TARGETED_DEVICE_FAMILY = "1,2";
				TEST_TARGET_NAME = iOSEngineerCodeCheck;
			};
			name = Release;
		};
/* End XCBuildConfiguration section */

/* Begin XCConfigurationList section */
		BFD945D6244DC5E80012785A /* Build configuration list for PBXProject "iOSEngineerCodeCheck" */ = {
			isa = XCConfigurationList;
			buildConfigurations = (
				BFD94603244DC5EC0012785A /* Debug */,
				BFD94604244DC5EC0012785A /* Release */,
			);
			defaultConfigurationIsVisible = 0;
			defaultConfigurationName = Release;
		};
		BFD94605244DC5EC0012785A /* Build configuration list for PBXNativeTarget "iOSEngineerCodeCheck" */ = {
			isa = XCConfigurationList;
			buildConfigurations = (
				BFD94606244DC5EC0012785A /* Debug */,
				BFD94607244DC5EC0012785A /* Release */,
			);
			defaultConfigurationIsVisible = 0;
			defaultConfigurationName = Release;
		};
		BFD94608244DC5EC0012785A /* Build configuration list for PBXNativeTarget "iOSEngineerCodeCheckTests" */ = {
			isa = XCConfigurationList;
			buildConfigurations = (
				BFD94609244DC5EC0012785A /* Debug */,
				BFD9460A244DC5EC0012785A /* Release */,
			);
			defaultConfigurationIsVisible = 0;
			defaultConfigurationName = Release;
		};
		BFD9460B244DC5EC0012785A /* Build configuration list for PBXNativeTarget "iOSEngineerCodeCheckUITests" */ = {
			isa = XCConfigurationList;
			buildConfigurations = (
				BFD9460C244DC5EC0012785A /* Debug */,
				BFD9460D244DC5EC0012785A /* Release */,
			);
			defaultConfigurationIsVisible = 0;
			defaultConfigurationName = Release;
		};
/* End XCConfigurationList section */
	};
	rootObject = BFD945D3244DC5E80012785A /* Project object */;
}
